
Microsoft Visual Studio Solution File, Format Version 12.00
# Visual Studio Version 16
VisualStudioVersion = 16.0.33130.400
MinimumVisualStudioVersion = 10.0.40219.1
Project("{FAE04EC0-301F-11D3-BF4B-00C04F79EFBC}") = "NLS.BlobStorage.Functions", "NLS.BlobStorage.Functions\NLS.BlobStorage.Functions.csproj", "{4DCDF7D0-CE7C-4A41-A289-22F5DF6BECFB}"
EndProject
Global
	GlobalSection(SolutionConfigurationPlatforms) = preSolution
		Debug|Any CPU = Debug|Any CPU
		Release|Any CPU = Release|Any CPU
	EndGlobalSection
	GlobalSection(ProjectConfigurationPlatforms) = postSolution
		{4DCDF7D0-CE7C-4A41-A289-22F5DF6BECFB}.Debug|Any CPU.ActiveCfg = Debug|Any CPU
		{4DCDF7D0-CE7C-4A41-A289-22F5DF6BECFB}.Debug|Any CPU.Build.0 = Debug|Any CPU
		{4DCDF7D0-CE7C-4A41-A289-22F5DF6BECFB}.Release|Any CPU.ActiveCfg = Release|Any CPU
		{4DCDF7D0-CE7C-4A41-A289-22F5DF6BECFB}.Release|Any CPU.Build.0 = Release|Any CPU
	EndGlobalSection
	GlobalSection(SolutionProperties) = preSolution
		HideSolutionNode = FALSE
	EndGlobalSection
	GlobalSection(ExtensibilityGlobals) = postSolution
		SolutionGuid = {625A7A99-FBB5-4ADD-9584-2275FFDF8F4D}
	EndGlobalSection
EndGlobal
